{
  "name": "terraform",
  "version": "1.0.2",
  "lockfileVersion": 2,
  "requires": true,
  "packages": {
    "": {
      "name": "terraform",
      "version": "1.0.2",
      "license": "MIT",
      "dependencies": {
        "@cdktf/provider-aws": "~16.0.2",
        "cdktf": "^0.20.12",
        "constructs": "~10.2.33",
        "path": "~0.12.7"
      },
      "devDependencies": {
        "@types/node": "~18.16.2"
      }
    },
    "node_modules/@cdktf/provider-aws": {
      "version": "16.0.2",
      "resolved": "https://registry.npmjs.org/@cdktf/provider-aws/-/provider-aws-16.0.2.tgz",
      "integrity": "sha512-XEkoWpgd5QQiAERgw/AlCZhpvYlR7RKpEKwLrO+SgEtu3XChSj7gw8c3EfWkdK3EHRxbEUjV03JT3J7fiaZxeA==",
      "engines": {
        "node": ">= 16.14.0"
      },
      "peerDependencies": {
        "cdktf": "^0.17.0",
        "constructs": "^10.0.0"
      }
    },
    "node_modules/@types/node": {
      "version": "18.16.19",
      "resolved": "https://registry.npmjs.org/@types/node/-/node-18.16.19.tgz",
      "integrity": "sha512-IXl7o+R9iti9eBW4Wg2hx1xQDig183jj7YLn8F7udNceyfkbn1ZxmzZXuak20gR40D7pIkIY1kYGx5VIGbaHKA==",
      "dev": true
    },
    "node_modules/cdktf": {
      "version": "0.20.12",
      "resolved": "https://registry.npmjs.org/cdktf/-/cdktf-0.20.12.tgz",
      "integrity": "sha512-ZBg2gA3Uw0WvGFlgrY1uxo6QHWn+ZdHiDkZQyOsTBl68k62UlaV8K7RR51d0E/amQG/CjtKOJr5XPFFAcOq0VA==",
      "bundleDependencies": [
        "archiver",
        "json-stable-stringify",
        "semver"
      ],
      "license": "MPL-2.0",
      "dependencies": {
        "archiver": "7.0.1",
        "json-stable-stringify": "1.2.1",
        "semver": "7.7.1"
      },
      "peerDependencies": {
        "constructs": "^10.3.0"
      }
    },
    "node_modules/constructs": {
      "version": "10.2.69",
      "resolved": "https://registry.npmjs.org/constructs/-/constructs-10.2.69.tgz",
      "integrity": "sha512-0AiM/uQe5Uk6JVe/62oolmSN2MjbFQkOlYrM3fFGZLKuT+g7xlAI10EebFhyCcZwI2JAcWuWCmmCAyCothxjuw==",
      "engines": {
        "node": ">= 16.14.0"
      }
    },
    "node_modules/inherits": {
      "version": "2.0.3",
      "resolved": "https://registry.npmjs.org/inherits/-/inherits-2.0.3.tgz",
      "integrity": "sha512-x00IRNXNy63jwGkJmzPigoySHbaqpNuzKbBOmzK+g2OdZpQ9w+sxCN+VSB3ja7IAge2OP2qpfxTjeNcyjmW1uw=="
    },
    "node_modules/path": {
      "version": "0.12.7",
      "resolved": "https://registry.npmjs.org/path/-/path-0.12.7.tgz",
      "integrity": "sha512-aXXC6s+1w7otVF9UletFkFcDsJeO7lSZBPUQhtb5O0xJe8LtYhj/GxldoL09bBj9+ZmE2hNoHqQSFMN5fikh4Q==",
      "dependencies": {
        "process": "^0.11.1",
        "util": "^0.10.3"
      }
    },
    "node_modules/process": {
      "version": "0.11.10",
      "resolved": "https://registry.npmjs.org/process/-/process-0.11.10.tgz",
      "integrity": "sha512-cdGef/drWFoydD1JsMzuFf8100nZl+GT+yacc2bEced5f9Rjk4z+WtFUTBu9PhOi9j/jfmBPu0mMEY4wIdAF8A==",
      "engines": {
        "node": ">= 0.6.0"
      }
    },
    "node_modules/util": {
      "version": "0.10.4",
      "resolved": "https://registry.npmjs.org/util/-/util-0.10.4.tgz",
      "integrity": "sha512-0Pm9hTQ3se5ll1XihRic3FDIku70C+iHUdT/W926rSgHV5QgXsYbKZN8MSC3tJtSkhuROzvsQjAaFENRXr+19A==",
      "dependencies": {
        "inherits": "2.0.3"
      }
    }
  },
  "dependencies": {
    "@cdktf/provider-aws": {
      "version": "16.0.2",
      "resolved": "https://registry.npmjs.org/@cdktf/provider-aws/-/provider-aws-16.0.2.tgz",
      "integrity": "sha512-XEkoWpgd5QQiAERgw/AlCZhpvYlR7RKpEKwLrO+SgEtu3XChSj7gw8c3EfWkdK3EHRxbEUjV03JT3J7fiaZxeA==",
      "requires": {}
    },
    "@types/node": {
      "version": "18.16.19",
      "resolved": "https://registry.npmjs.org/@types/node/-/node-18.16.19.tgz",
      "integrity": "sha512-IXl7o+R9iti9eBW4Wg2hx1xQDig183jj7YLn8F7udNceyfkbn1ZxmzZXuak20gR40D7pIkIY1kYGx5VIGbaHKA==",
      "dev": true
    },
    "cdktf": {
      "version": "0.20.12",
      "resolved": "https://registry.npmjs.org/cdktf/-/cdktf-0.20.12.tgz",
      "integrity": "sha512-ZBg2gA3Uw0WvGFlgrY1uxo6QHWn+ZdHiDkZQyOsTBl68k62UlaV8K7RR51d0E/amQG/CjtKOJr5XPFFAcOq0VA==",
      "requires": {
        "archiver": "7.0.1",
        "json-stable-stringify": "1.2.1",
        "semver": "7.7.1"
      }
    },
    "constructs": {
      "version": "10.2.69",
      "resolved": "https://registry.npmjs.org/constructs/-/constructs-10.2.69.tgz",
      "integrity": "sha512-0AiM/uQe5Uk6JVe/62oolmSN2MjbFQkOlYrM3fFGZLKuT+g7xlAI10EebFhyCcZwI2JAcWuWCmmCAyCothxjuw=="
    },
    "inherits": {
      "version": "2.0.3",
      "resolved": "https://registry.npmjs.org/inherits/-/inherits-2.0.3.tgz",
      "integrity": "sha512-x00IRNXNy63jwGkJmzPigoySHbaqpNuzKbBOmzK+g2OdZpQ9w+sxCN+VSB3ja7IAge2OP2qpfxTjeNcyjmW1uw=="
    },
    "path": {
      "version": "0.12.7",
      "resolved": "https://registry.npmjs.org/path/-/path-0.12.7.tgz",
      "integrity": "sha512-aXXC6s+1w7otVF9UletFkFcDsJeO7lSZBPUQhtb5O0xJe8LtYhj/GxldoL09bBj9+ZmE2hNoHqQSFMN5fikh4Q==",
      "requires": {
        "process": "^0.11.1",
        "util": "^0.10.3"
      }
    },
    "process": {
      "version": "0.11.10",
      "resolved": "https://registry.npmjs.org/process/-/process-0.11.10.tgz",
      "integrity": "sha512-cdGef/drWFoydD1JsMzuFf8100nZl+GT+yacc2bEced5f9Rjk4z+WtFUTBu9PhOi9j/jfmBPu0mMEY4wIdAF8A=="
    },
    "util": {
      "version": "0.10.4",
      "resolved": "https://registry.npmjs.org/util/-/util-0.10.4.tgz",
      "integrity": "sha512-0Pm9hTQ3se5ll1XihRic3FDIku70C+iHUdT/W926rSgHV5QgXsYbKZN8MSC3tJtSkhuROzvsQjAaFENRXr+19A==",
      "requires": {
        "inherits": "2.0.3"
      }
    }
  }
}
