lockfileVersion: '6.0'

settings:
  autoInstallPeers: true
  excludeLinksFromLockfile: false

dependencies:
  '@cdktf/provider-aws':
    specifier: ~16.0.2
    version: 16.0.2(cdktf@0.17.1)(constructs@10.2.69)
  cdktf:
    specifier: ~0.17.1
    version: 0.17.1(constructs@10.2.69)
  constructs:
    specifier: ~10.2.33
    version: 10.2.69
  path:
    specifier: ~0.12.7
    version: 0.12.7

devDependencies:
  '@types/node':
    specifier: ~18.16.2
    version: 18.16.2

packages:

  /@cdktf/provider-aws@16.0.2(cdktf@0.17.1)(constructs@10.2.69):
    resolution: {integrity: sha512-XEkoWpgd5QQiAERgw/AlCZhpvYlR7RKpEKwLrO+SgEtu3XChSj7gw8c3EfWkdK3EHRxbEUjV03JT3J7fiaZxeA==}
    engines: {node: '>= 16.14.0'}
    peerDependencies:
      cdktf: ^0.17.0
      constructs: ^10.0.0
    dependencies:
      cdktf: 0.17.1(constructs@10.2.69)
      constructs: 10.2.69
    dev: false

  /@types/node@18.16.2:
    resolution: {integrity: sha512-GQW/JL/5Fz/0I8RpeBG9lKp0+aNcXEaVL71c0D2Q0QHDTFvlYKT7an0onCUXj85anv7b4/WesqdfchLc0jtsCg==}
    dev: true

  /cdktf@0.17.1(constructs@10.2.69):
    resolution: {integrity: sha512-Bk9Al0z+RA3/hW372tf61QCbg2zGOVXjXlXC1taD37AfXpBgqD1fKOhJ980B93VcyMil2mIkubFC9hdrn2nziQ==}
    peerDependencies:
      constructs: ^10.0.25
    dependencies:
      constructs: 10.2.69
    dev: false
    bundledDependencies:
      - archiver
      - json-stable-stringify
      - semver

  /constructs@10.2.69:
    resolution: {integrity: sha512-0AiM/uQe5Uk6JVe/62oolmSN2MjbFQkOlYrM3fFGZLKuT+g7xlAI10EebFhyCcZwI2JAcWuWCmmCAyCothxjuw==}
    engines: {node: '>= 16.14.0'}
    dev: false

  /inherits@2.0.3:
    resolution: {integrity: sha512-x00IRNXNy63jwGkJmzPigoySHbaqpNuzKbBOmzK+g2OdZpQ9w+sxCN+VSB3ja7IAge2OP2qpfxTjeNcyjmW1uw==}
    dev: false

  /path@0.12.7:
    resolution: {integrity: sha512-aXXC6s+1w7otVF9UletFkFcDsJeO7lSZBPUQhtb5O0xJe8LtYhj/GxldoL09bBj9+ZmE2hNoHqQSFMN5fikh4Q==}
    dependencies:
      process: 0.11.10
      util: 0.10.4
    dev: false

  /process@0.11.10:
    resolution: {integrity: sha512-cdGef/drWFoydD1JsMzuFf8100nZl+GT+yacc2bEced5f9Rjk4z+WtFUTBu9PhOi9j/jfmBPu0mMEY4wIdAF8A==}
    engines: {node: '>= 0.6.0'}
    dev: false

  /util@0.10.4:
    resolution: {integrity: sha512-0Pm9hTQ3se5ll1XihRic3FDIku70C+iHUdT/W926rSgHV5QgXsYbKZN8MSC3tJtSkhuROzvsQjAaFENRXr+19A==}
    dependencies:
      inherits: 2.0.3
    dev: false
